{
  "name": "auto-complete-challange",
  "version": "0.1.0",
  "lockfileVersion": 1,
  "requires": true,
  "dependencies": {
    "mobx-react-devtools": {
      "version": "5.0.1",
      "resolved": "https://registry.npmjs.org/mobx-react-devtools/-/mobx-react-devtools-5.0.1.tgz",
      "integrity": "sha512-Uv86FWqVmmqaEs3oBOCs7AJDKZL8LIYG43ZRMP/xVX0PB/ytY3hdj16kXZ/RdbFLESEKws/+IyVboj0nCesd6w=="
    }
  }
}
